
Microsoft Visual Studio Solution File, Format Version 12.00
# Visual Studio Version 17
VisualStudioVersion = 17.9.34728.123
MinimumVisualStudioVersion = 10.0.40219.1
Project("{FAE04EC0-301F-11D3-BF4B-00C04F79EFBC}") = "MyApplication", "MyApplication\MyApplication.csproj", "{27688C08-5DC7-4C4F-8352-958D42B21783}"
EndProject
Project("{FAE04EC0-301F-11D3-BF4B-00C04F79EFBC}") = "Dominio", "Dominio\Dominio.csproj", "{443E2B7D-EA89-487D-9269-681ECAB71225}"
EndProject
Global
	GlobalSection(SolutionConfigurationPlatforms) = preSolution
		Debug|Any CPU = Debug|Any CPU
		Release|Any CPU = Release|Any CPU
	EndGlobalSection
	GlobalSection(ProjectConfigurationPlatforms) = postSolution
		{27688C08-5DC7-4C4F-8352-958D42B21783}.Debug|Any CPU.ActiveCfg = Debug|Any CPU
		{27688C08-5DC7-4C4F-8352-958D42B21783}.Debug|Any CPU.Build.0 = Debug|Any CPU
		{27688C08-5DC7-4C4F-8352-958D42B21783}.Release|Any CPU.ActiveCfg = Release|Any CPU
		{27688C08-5DC7-4C4F-8352-958D42B21783}.Release|Any CPU.Build.0 = Release|Any CPU
		{443E2B7D-EA89-487D-9269-681ECAB71225}.Debug|Any CPU.ActiveCfg = Debug|Any CPU
		{443E2B7D-EA89-487D-9269-681ECAB71225}.Debug|Any CPU.Build.0 = Debug|Any CPU
		{443E2B7D-EA89-487D-9269-681ECAB71225}.Release|Any CPU.ActiveCfg = Release|Any CPU
		{443E2B7D-EA89-487D-9269-681ECAB71225}.Release|Any CPU.Build.0 = Release|Any CPU
	EndGlobalSection
	GlobalSection(SolutionProperties) = preSolution
		HideSolutionNode = FALSE
	EndGlobalSection
	GlobalSection(ExtensibilityGlobals) = postSolution
		SolutionGuid = {A3DB3F1E-B1FA-45BC-ACBD-21E556EC0324}
	EndGlobalSection
EndGlobal
